
Microsoft Visual Studio Solution File, Format Version 12.00
# Visual Studio Version 16
VisualStudioVersion = 16.0.29709.97
MinimumVisualStudioVersion = 10.0.40219.1
Project("{FAE04EC0-301F-11D3-BF4B-00C04F79EFBC}") = "BookListRazor", "BookListRazor\BookListRazor.csproj", "{A1F711E5-9049-482C-BB6C-FF37F14CCACE}"
EndProject
Global
	GlobalSection(SolutionConfigurationPlatforms) = preSolution
		Debug|Any CPU = Debug|Any CPU
		Release|Any CPU = Release|Any CPU
	EndGlobalSection
	GlobalSection(ProjectConfigurationPlatforms) = postSolution
		{A1F711E5-9049-482C-BB6C-FF37F14CCACE}.Debug|Any CPU.ActiveCfg = Debug|Any CPU
		{A1F711E5-9049-482C-BB6C-FF37F14CCACE}.Debug|Any CPU.Build.0 = Debug|Any CPU
		{A1F711E5-9049-482C-BB6C-FF37F14CCACE}.Release|Any CPU.ActiveCfg = Release|Any CPU
		{A1F711E5-9049-482C-BB6C-FF37F14CCACE}.Release|Any CPU.Build.0 = Release|Any CPU
	EndGlobalSection
	GlobalSection(SolutionProperties) = preSolution
		HideSolutionNode = FALSE
	EndGlobalSection
	GlobalSection(ExtensibilityGlobals) = postSolution
		SolutionGuid = {7EE5B0AA-8849-4432-9C4C-9138621186FA}
	EndGlobalSection
EndGlobal
